
Microsoft Visual Studio Solution File, Format Version 12.00
# Visual Studio Version 17
VisualStudioVersion = 17.14.36518.9 d17.14
MinimumVisualStudioVersion = 10.0.40219.1
Project("{FAE04EC0-301F-11D3-BF4B-00C04F79EFBC}") = "RPCMWEB", "RPCMWEB\RPCMWEB.csproj", "{D712C9FD-A297-48C1-8C01-56EDAC17827F}"
EndProject
Global
	GlobalSection(SolutionConfigurationPlatforms) = preSolution
		Debug|Any CPU = Debug|Any CPU
		Release|Any CPU = Release|Any CPU
	EndGlobalSection
	GlobalSection(ProjectConfigurationPlatforms) = postSolution
		{D712C9FD-A297-48C1-8C01-56EDAC17827F}.Debug|Any CPU.ActiveCfg = Debug|Any CPU
		{D712C9FD-A297-48C1-8C01-56EDAC17827F}.Debug|Any CPU.Build.0 = Debug|Any CPU
		{D712C9FD-A297-48C1-8C01-56EDAC17827F}.Release|Any CPU.ActiveCfg = Release|Any CPU
		{D712C9FD-A297-48C1-8C01-56EDAC17827F}.Release|Any CPU.Build.0 = Release|Any CPU
	EndGlobalSection
	GlobalSection(SolutionProperties) = preSolution
		HideSolutionNode = FALSE
	EndGlobalSection
	GlobalSection(ExtensibilityGlobals) = postSolution
		SolutionGuid = {908414DF-5A05-4329-8710-3E15EF21E180}
	EndGlobalSection
EndGlobal
